
Microsoft Visual Studio Solution File, Format Version 12.00
# Visual Studio 15
VisualStudioVersion = 15.0.28307.1401
MinimumVisualStudioVersion = 10.0.40219.1
Project("{FAE04EC0-301F-11D3-BF4B-00C04F79EFBC}") = "Linq", "Linq\Linq.csproj", "{65937316-FA1A-4E05-9613-8E58DDBFA85A}"
EndProject
Global
	GlobalSection(SolutionConfigurationPlatforms) = preSolution
		Debug|Any CPU = Debug|Any CPU
		Release|Any CPU = Release|Any CPU
	EndGlobalSection
	GlobalSection(ProjectConfigurationPlatforms) = postSolution
		{65937316-FA1A-4E05-9613-8E58DDBFA85A}.Debug|Any CPU.ActiveCfg = Debug|Any CPU
		{65937316-FA1A-4E05-9613-8E58DDBFA85A}.Debug|Any CPU.Build.0 = Debug|Any CPU
		{65937316-FA1A-4E05-9613-8E58DDBFA85A}.Release|Any CPU.ActiveCfg = Release|Any CPU
		{65937316-FA1A-4E05-9613-8E58DDBFA85A}.Release|Any CPU.Build.0 = Release|Any CPU
	EndGlobalSection
	GlobalSection(SolutionProperties) = preSolution
		HideSolutionNode = FALSE
	EndGlobalSection
	GlobalSection(ExtensibilityGlobals) = postSolution
		SolutionGuid = {33910A1B-58F2-418B-9D58-183D60DE53D8}
	EndGlobalSection
EndGlobal
